
Microsoft Visual Studio Solution File, Format Version 12.00
Project("{FAE04EC0-301F-11D3-BF4B-00C04F79EFBC}") = "ProiectPO", "ProiectPO\ProiectPO.csproj", "{99FD5EC7-CB09-44E5-B569-4773A0896EDE}"
EndProject
Global
	GlobalSection(SolutionConfigurationPlatforms) = preSolution
		Debug|Any CPU = Debug|Any CPU
		Release|Any CPU = Release|Any CPU
	EndGlobalSection
	GlobalSection(ProjectConfigurationPlatforms) = postSolution
		{99FD5EC7-CB09-44E5-B569-4773A0896EDE}.Debug|Any CPU.ActiveCfg = Debug|Any CPU
		{99FD5EC7-CB09-44E5-B569-4773A0896EDE}.Debug|Any CPU.Build.0 = Debug|Any CPU
		{99FD5EC7-CB09-44E5-B569-4773A0896EDE}.Release|Any CPU.ActiveCfg = Release|Any CPU
		{99FD5EC7-CB09-44E5-B569-4773A0896EDE}.Release|Any CPU.Build.0 = Release|Any CPU
	EndGlobalSection
EndGlobal
